
Microsoft Visual Studio Solution File, Format Version 12.00
# Visual Studio 2013
VisualStudioVersion = 12.0.30501.0
MinimumVisualStudioVersion = 10.0.40219.1
Project("{9092AA53-FB77-4645-B42D-1CCCA6BD08BD}") = "examination", "examination\examination.njsproj", "{0DD01961-FC54-45BE-9F69-78E5E45D8430}"
EndProject
Global
	GlobalSection(SolutionConfigurationPlatforms) = preSolution
		Debug|Any CPU = Debug|Any CPU
		Release|Any CPU = Release|Any CPU
	EndGlobalSection
	GlobalSection(ProjectConfigurationPlatforms) = postSolution
		{0DD01961-FC54-45BE-9F69-78E5E45D8430}.Debug|Any CPU.ActiveCfg = Debug|Any CPU
		{0DD01961-FC54-45BE-9F69-78E5E45D8430}.Debug|Any CPU.Build.0 = Debug|Any CPU
		{0DD01961-FC54-45BE-9F69-78E5E45D8430}.Release|Any CPU.ActiveCfg = Release|Any CPU
		{0DD01961-FC54-45BE-9F69-78E5E45D8430}.Release|Any CPU.Build.0 = Release|Any CPU
	EndGlobalSection
	GlobalSection(SolutionProperties) = preSolution
		HideSolutionNode = FALSE
	EndGlobalSection
EndGlobal
